// !$*UTF8*$!
{
	archiveVersion = 1;
	classes = {
	};
	objectVersion = 46;
	objects = {

/* Begin PBXBuildFile section */
		76273A49183B4C2400E693DE /* Foundation.framework in Frameworks */ = {isa = PBXBuildFile; fileRef = 76273A48183B4C2400E693DE /* Foundation.framework */; };
		76273A4B183B4C2400E693DE /* CoreGraphics.framework in Frameworks */ = {isa = PBXBuildFile; fileRef = 76273A4A183B4C2400E693DE /* CoreGraphics.framework */; };
		76273A4D183B4C2400E693DE /* UIKit.framework in Frameworks */ = {isa = PBXBuildFile; fileRef = 76273A4C183B4C2400E693DE /* UIKit.framework */; };
		76273A53183B4C2400E693DE /* InfoPlist.strings in Resources */ = {isa = PBXBuildFile; fileRef = 76273A51183B4C2400E693DE /* InfoPlist.strings */; };
		76273A55183B4C2400E693DE /* main.m in Sources */ = {isa = PBXBuildFile; fileRef = 76273A54183B4C2400E693DE /* main.m */; };
		76273A59183B4C2400E693DE /* AttributorAppDelegate.m in Sources */ = {isa = PBXBuildFile; fileRef = 76273A58183B4C2400E693DE /* AttributorAppDelegate.m */; };
		76273A5C183B4C2400E693DE /* Main.storyboard in Resources */ = {isa = PBXBuildFile; fileRef = 76273A5A183B4C2400E693DE /* Main.storyboard */; };
		76273A5F183B4C2400E693DE /* AttributorViewController.m in Sources */ = {isa = PBXBuildFile; fileRef = 76273A5E183B4C2400E693DE /* AttributorViewController.m */; };
		76273A61183B4C2400E693DE /* Images.xcassets in Resources */ = {isa = PBXBuildFile; fileRef = 76273A60183B4C2400E693DE /* Images.xcassets */; };
		76273A68183B4C2400E693DE /* XCTest.framework in Frameworks */ = {isa = PBXBuildFile; fileRef = 76273A67183B4C2400E693DE /* XCTest.framework */; };
		76273A69183B4C2400E693DE /* Foundation.framework in Frameworks */ = {isa = PBXBuildFile; fileRef = 76273A48183B4C2400E693DE /* Foundation.framework */; };
		76273A6A183B4C2400E693DE /* UIKit.framework in Frameworks */ = {isa = PBXBuildFile; fileRef = 76273A4C183B4C2400E693DE /* UIKit.framework */; };
		76273A72183B4C2400E693DE /* InfoPlist.strings in Resources */ = {isa = PBXBuildFile; fileRef = 76273A70183B4C2400E693DE /* InfoPlist.strings */; };
		76273A74183B4C2400E693DE /* AttributorTests.m in Sources */ = {isa = PBXBuildFile; fileRef = 76273A73183B4C2400E693DE /* AttributorTests.m */; };
		76273A82183CAC2000E693DE /* TextStatsViewController.m in Sources */ = {isa = PBXBuildFile; fileRef = 76273A81183CAC2000E693DE /* TextStatsViewController.m */; };
/* End PBXBuildFile section */

/* Begin PBXContainerItemProxy section */
		76273A6B183B4C2400E693DE /* PBXContainerItemProxy */ = {
			isa = PBXContainerItemProxy;
			containerPortal = 76273A3D183B4C2400E693DE /* Project object */;
			proxyType = 1;
			remoteGlobalIDString = 76273A44183B4C2400E693DE;
			remoteInfo = Attributor;
		};
/* End PBXContainerItemProxy section */

/* Begin PBXFileReference section */
		76273A45183B4C2400E693DE /* Attributor.app */ = {isa = PBXFileReference; explicitFileType = wrapper.application; includeInIndex = 0; path = Attributor.app; sourceTree = BUILT_PRODUCTS_DIR; };
		76273A48183B4C2400E693DE /* Foundation.framework */ = {isa = PBXFileReference; lastKnownFileType = wrapper.framework; name = Foundation.framework; path = System/Library/Frameworks/Foundation.framework; sourceTree = SDKROOT; };
		76273A4A183B4C2400E693DE /* CoreGraphics.framework */ = {isa = PBXFileReference; lastKnownFileType = wrapper.framework; name = CoreGraphics.framework; path = System/Library/Frameworks/CoreGraphics.framework; sourceTree = SDKROOT; };
		76273A4C183B4C2400E693DE /* UIKit.framework */ = {isa = PBXFileReference; lastKnownFileType = wrapper.framework; name = UIKit.framework; path = System/Library/Frameworks/UIKit.framework; sourceTree = SDKROOT; };
		76273A50183B4C2400E693DE /* Attributor-Info.plist */ = {isa = PBXFileReference; lastKnownFileType = text.plist.xml; path = "Attributor-Info.plist"; sourceTree = "<group>"; };
		76273A52183B4C2400E693DE /* en */ = {isa = PBXFileReference; lastKnownFileType = text.plist.strings; name = en; path = en.lproj/InfoPlist.strings; sourceTree = "<group>"; };
		76273A54183B4C2400E693DE /* main.m */ = {isa = PBXFileReference; lastKnownFileType = sourcecode.c.objc; path = main.m; sourceTree = "<group>"; };
		76273A56183B4C2400E693DE /* Attributor-Prefix.pch */ = {isa = PBXFileReference; lastKnownFileType = sourcecode.c.h; path = "Attributor-Prefix.pch"; sourceTree = "<group>"; };
		76273A57183B4C2400E693DE /* AttributorAppDelegate.h */ = {isa = PBXFileReference; lastKnownFileType = sourcecode.c.h; path = AttributorAppDelegate.h; sourceTree = "<group>"; };
		76273A58183B4C2400E693DE /* AttributorAppDelegate.m */ = {isa = PBXFileReference; lastKnownFileType = sourcecode.c.objc; path = AttributorAppDelegate.m; sourceTree = "<group>"; };
		76273A5B183B4C2400E693DE /* Base */ = {isa = PBXFileReference; lastKnownFileType = file.storyboard; name = Base; path = Base.lproj/Main.storyboard; sourceTree = "<group>"; };
		76273A5D183B4C2400E693DE /* AttributorViewController.h */ = {isa = PBXFileReference; lastKnownFileType = sourcecode.c.h; path = AttributorViewController.h; sourceTree = "<group>"; };
		76273A5E183B4C2400E693DE /* AttributorViewController.m */ = {isa = PBXFileReference; lastKnownFileType = sourcecode.c.objc; path = AttributorViewController.m; sourceTree = "<group>"; };
		76273A60183B4C2400E693DE /* Images.xcassets */ = {isa = PBXFileReference; lastKnownFileType = folder.assetcatalog; path = Images.xcassets; sourceTree = "<group>"; };
		76273A66183B4C2400E693DE /* AttributorTests.xctest */ = {isa = PBXFileReference; explicitFileType = wrapper.cfbundle; includeInIndex = 0; path = AttributorTests.xctest; sourceTree = BUILT_PRODUCTS_DIR; };
		76273A67183B4C2400E693DE /* XCTest.framework */ = {isa = PBXFileReference; lastKnownFileType = wrapper.framework; name = XCTest.framework; path = Library/Frameworks/XCTest.framework; sourceTree = DEVELOPER_DIR; };
		76273A6F183B4C2400E693DE /* AttributorTests-Info.plist */ = {isa = PBXFileReference; lastKnownFileType = text.plist.xml; path = "AttributorTests-Info.plist"; sourceTree = "<group>"; };
		76273A71183B4C2400E693DE /* en */ = {isa = PBXFileReference; lastKnownFileType = text.plist.strings; name = en; path = en.lproj/InfoPlist.strings; sourceTree = "<group>"; };
		76273A73183B4C2400E693DE /* AttributorTests.m */ = {isa = PBXFileReference; lastKnownFileType = sourcecode.c.objc; path = AttributorTests.m; sourceTree = "<group>"; };
		76273A80183CAC2000E693DE /* TextStatsViewController.h */ = {isa = PBXFileReference; fileEncoding = 4; lastKnownFileType = sourcecode.c.h; path = TextStatsViewController.h; sourceTree = "<group>"; };
		76273A81183CAC2000E693DE /* TextStatsViewController.m */ = {isa = PBXFileReference; fileEncoding = 4; lastKnownFileType = sourcecode.c.objc; path = TextStatsViewController.m; sourceTree = "<group>"; };
/* End PBXFileReference section */

/* Begin PBXFrameworksBuildPhase section */
		76273A42183B4C2400E693DE /* Frameworks */ = {
			isa = PBXFrameworksBuildPhase;
			buildActionMask = 2147483647;
			files = (
				76273A4B183B4C2400E693DE /* CoreGraphics.framework in Frameworks */,
				76273A4D183B4C2400E693DE /* UIKit.framework in Frameworks */,
				76273A49183B4C2400E693DE /* Foundation.framework in Frameworks */,
			);
			runOnlyForDeploymentPostprocessing = 0;
		};
		76273A63183B4C2400E693DE /* Frameworks */ = {
			isa = PBXFrameworksBuildPhase;
			buildActionMask = 2147483647;
			files = (
				76273A68183B4C2400E693DE /* XCTest.framework in Frameworks */,
				76273A6A183B4C2400E693DE /* UIKit.framework in Frameworks */,
				76273A69183B4C2400E693DE /* Foundation.framework in Frameworks */,
			);
			runOnlyForDeploymentPostprocessing = 0;
		};
/* End PBXFrameworksBuildPhase section */

/* Begin PBXGroup section */
		76273A3C183B4C2400E693DE = {
			isa = PBXGroup;
			children = (
				76273A4E183B4C2400E693DE /* Attributor */,
				76273A6D183B4C2400E693DE /* AttributorTests */,
				76273A47183B4C2400E693DE /* Frameworks */,
				76273A46183B4C2400E693DE /* Products */,
			);
			sourceTree = "<group>";
		};
		76273A46183B4C2400E693DE /* Products */ = {
			isa = PBXGroup;
			children = (
				76273A45183B4C2400E693DE /* Attributor.app */,
				76273A66183B4C2400E693DE /* AttributorTests.xctest */,
			);
			name = Products;
			sourceTree = "<group>";
		};
		76273A47183B4C2400E693DE /* Frameworks */ = {
			isa = PBXGroup;
			children = (
				76273A48183B4C2400E693DE /* Foundation.framework */,
				76273A4A183B4C2400E693DE /* CoreGraphics.framework */,
				76273A4C183B4C2400E693DE /* UIKit.framework */,
				76273A67183B4C2400E693DE /* XCTest.framework */,
			);
			name = Frameworks;
			sourceTree = "<group>";
		};
		76273A4E183B4C2400E693DE /* Attributor */ = {
			isa = PBXGroup;
			children = (
				76273A5A183B4C2400E693DE /* Main.storyboard */,
				76273A80183CAC2000E693DE /* TextStatsViewController.h */,
				76273A81183CAC2000E693DE /* TextStatsViewController.m */,
				76273A5D183B4C2400E693DE /* AttributorViewController.h */,
				76273A5E183B4C2400E693DE /* AttributorViewController.m */,
				76273A60183B4C2400E693DE /* Images.xcassets */,
				76273A4F183B4C2400E693DE /* Supporting Files */,
			);
			path = Attributor;
			sourceTree = "<group>";
		};
		76273A4F183B4C2400E693DE /* Supporting Files */ = {
			isa = PBXGroup;
			children = (
				76273A57183B4C2400E693DE /* AttributorAppDelegate.h */,
				76273A58183B4C2400E693DE /* AttributorAppDelegate.m */,
				76273A50183B4C2400E693DE /* Attributor-Info.plist */,
				76273A51183B4C2400E693DE /* InfoPlist.strings */,
				76273A54183B4C2400E693DE /* main.m */,
				76273A56183B4C2400E693DE /* Attributor-Prefix.pch */,
			);
			name = "Supporting Files";
			sourceTree = "<group>";
		};
		76273A6D183B4C2400E693DE /* AttributorTests */ = {
			isa = PBXGroup;
			children = (
				76273A73183B4C2400E693DE /* AttributorTests.m */,
				76273A6E183B4C2400E693DE /* Supporting Files */,
			);
			path = AttributorTests;
			sourceTree = "<group>";
		};
		76273A6E183B4C2400E693DE /* Supporting Files */ = {
			isa = PBXGroup;
			children = (
				76273A6F183B4C2400E693DE /* AttributorTests-Info.plist */,
				76273A70183B4C2400E693DE /* InfoPlist.strings */,
			);
			name = "Supporting Files";
			sourceTree = "<group>";
		};
/* End PBXGroup section */

/* Begin PBXNativeTarget section */
		76273A44183B4C2400E693DE /* Attributor */ = {
			isa = PBXNativeTarget;
			buildConfigurationList = 76273A77183B4C2400E693DE /* Build configuration list for PBXNativeTarget "Attributor" */;
			buildPhases = (
				76273A41183B4C2400E693DE /* Sources */,
				76273A42183B4C2400E693DE /* Frameworks */,
				76273A43183B4C2400E693DE /* Resources */,
			);
			buildRules = (
			);
			dependencies = (
			);
			name = Attributor;
			productName = Attributor;
			productReference = 76273A45183B4C2400E693DE /* Attributor.app */;
			productType = "com.apple.product-type.application";
		};
		76273A65183B4C2400E693DE /* AttributorTests */ = {
			isa = PBXNativeTarget;
			buildConfigurationList = 76273A7A183B4C2400E693DE /* Build configuration list for PBXNativeTarget "AttributorTests" */;
			buildPhases = (
				76273A62183B4C2400E693DE /* Sources */,
				76273A63183B4C2400E693DE /* Frameworks */,
				76273A64183B4C2400E693DE /* Resources */,
			);
			buildRules = (
			);
			dependencies = (
				76273A6C183B4C2400E693DE /* PBXTargetDependency */,
			);
			name = AttributorTests;
			productName = AttributorTests;
			productReference = 76273A66183B4C2400E693DE /* AttributorTests.xctest */;
			productType = "com.apple.product-type.bundle.unit-test";
		};
/* End PBXNativeTarget section */

/* Begin PBXProject section */
		76273A3D183B4C2400E693DE /* Project object */ = {
			isa = PBXProject;
			attributes = {
				CLASSPREFIX = Attributor;
				LastUpgradeCheck = 0500;
				ORGANIZATIONNAME = "Scott Kensell";
				TargetAttributes = {
					76273A65183B4C2400E693DE = {
						TestTargetID = 76273A44183B4C2400E693DE;
					};
				};
			};
			buildConfigurationList = 76273A40183B4C2400E693DE /* Build configuration list for PBXProject "Attributor" */;
			compatibilityVersion = "Xcode 3.2";
			developmentRegion = English;
			hasScannedForEncodings = 0;
			knownRegions = (
				en,
				Base,
			);
			mainGroup = 76273A3C183B4C2400E693DE;
			productRefGroup = 76273A46183B4C2400E693DE /* Products */;
			projectDirPath = "";
			projectRoot = "";
			targets = (
				76273A44183B4C2400E693DE /* Attributor */,
				76273A65183B4C2400E693DE /* AttributorTests */,
			);
		};
/* End PBXProject section */

/* Begin PBXResourcesBuildPhase section */
		76273A43183B4C2400E693DE /* Resources */ = {
			isa = PBXResourcesBuildPhase;
			buildActionMask = 2147483647;
			files = (
				76273A61183B4C2400E693DE /* Images.xcassets in Resources */,
				76273A53183B4C2400E693DE /* InfoPlist.strings in Resources */,
				76273A5C183B4C2400E693DE /* Main.storyboard in Resources */,
			);
			runOnlyForDeploymentPostprocessing = 0;
		};
		76273A64183B4C2400E693DE /* Resources */ = {
			isa = PBXResourcesBuildPhase;
			buildActionMask = 2147483647;
			files = (
				76273A72183B4C2400E693DE /* InfoPlist.strings in Resources */,
			);
			runOnlyForDeploymentPostprocessing = 0;
		};
/* End PBXResourcesBuildPhase section */

/* Begin PBXSourcesBuildPhase section */
		76273A41183B4C2400E693DE /* Sources */ = {
			isa = PBXSourcesBuildPhase;
			buildActionMask = 2147483647;
			files = (
				76273A59183B4C2400E693DE /* AttributorAppDelegate.m in Sources */,
				76273A5F183B4C2400E693DE /* AttributorViewController.m in Sources */,
				76273A55183B4C2400E693DE /* main.m in Sources */,
				76273A82183CAC2000E693DE /* TextStatsViewController.m in Sources */,
			);
			runOnlyForDeploymentPostprocessing = 0;
		};
		76273A62183B4C2400E693DE /* Sources */ = {
			isa = PBXSourcesBuildPhase;
			buildActionMask = 2147483647;
			files = (
				76273A74183B4C2400E693DE /* AttributorTests.m in Sources */,
			);
			runOnlyForDeploymentPostprocessing = 0;
		};
/* End PBXSourcesBuildPhase section */

/* Begin PBXTargetDependency section */
		76273A6C183B4C2400E693DE /* PBXTargetDependency */ = {
			isa = PBXTargetDependency;
			target = 76273A44183B4C2400E693DE /* Attributor */;
			targetProxy = 76273A6B183B4C2400E693DE /* PBXContainerItemProxy */;
		};
/* End PBXTargetDependency section */

/* Begin PBXVariantGroup section */
		76273A51183B4C2400E693DE /* InfoPlist.strings */ = {
			isa = PBXVariantGroup;
			children = (
				76273A52183B4C2400E693DE /* en */,
			);
			name = InfoPlist.strings;
			sourceTree = "<group>";
		};
		76273A5A183B4C2400E693DE /* Main.storyboard */ = {
			isa = PBXVariantGroup;
			children = (
				76273A5B183B4C2400E693DE /* Base */,
			);
			name = Main.storyboard;
			sourceTree = "<group>";
		};
		76273A70183B4C2400E693DE /* InfoPlist.strings */ = {
			isa = PBXVariantGroup;
			children = (
				76273A71183B4C2400E693DE /* en */,
			);
			name = InfoPlist.strings;
			sourceTree = "<group>";
		};
/* End PBXVariantGroup section */

/* Begin XCBuildConfiguration section */
		76273A75183B4C2400E693DE /* Debug */ = {
			isa = XCBuildConfiguration;
			buildSettings = {
				ALWAYS_SEARCH_USER_PATHS = NO;
				ARCHS = "$(ARCHS_STANDARD_INCLUDING_64_BIT)";
				CLANG_CXX_LANGUAGE_STANDARD = "gnu++0x";
				CLANG_CXX_LIBRARY = "libc++";
				CLANG_ENABLE_MODULES = YES;
				CLANG_ENABLE_OBJC_ARC = YES;
				CLANG_WARN_BOOL_CONVERSION = YES;
				CLANG_WARN_CONSTANT_CONVERSION = YES;
				CLANG_WARN_DIRECT_OBJC_ISA_USAGE = YES_ERROR;
				CLANG_WARN_EMPTY_BODY = YES;
				CLANG_WARN_ENUM_CONVERSION = YES;
				CLANG_WARN_INT_CONVERSION = YES;
				CLANG_WARN_OBJC_ROOT_CLASS = YES_ERROR;
				CLANG_WARN__DUPLICATE_METHOD_MATCH = YES;
				"CODE_SIGN_IDENTITY[sdk=iphoneos*]" = "iPhone Developer";
				COPY_PHASE_STRIP = NO;
				GCC_C_LANGUAGE_STANDARD = gnu99;
				GCC_DYNAMIC_NO_PIC = NO;
				GCC_OPTIMIZATION_LEVEL = 0;
				GCC_PREPROCESSOR_DEFINITIONS = (
					"DEBUG=1",
					"$(inherited)",
				);
				GCC_SYMBOLS_PRIVATE_EXTERN = NO;
				GCC_WARN_64_TO_32_BIT_CONVERSION = YES;
				GCC_WARN_ABOUT_RETURN_TYPE = YES_ERROR;
				GCC_WARN_UNDECLARED_SELECTOR = YES;
				GCC_WARN_UNINITIALIZED_AUTOS = YES;
				GCC_WARN_UNUSED_FUNCTION = YES;
				GCC_WARN_UNUSED_VARIABLE = YES;
				IPHONEOS_DEPLOYMENT_TARGET = 7.0;
				ONLY_ACTIVE_ARCH = YES;
				SDKROOT = iphoneos;
			};
			name = Debug;
		};
		76273A76183B4C2400E693DE /* Release */ = {
			isa = XCBuildConfiguration;
			buildSettings = {
				ALWAYS_SEARCH_USER_PATHS = NO;
				ARCHS = "$(ARCHS_STANDARD_INCLUDING_64_BIT)";
				CLANG_CXX_LANGUAGE_STANDARD = "gnu++0x";
				CLANG_CXX_LIBRARY = "libc++";
				CLANG_ENABLE_MODULES = YES;
				CLANG_ENABLE_OBJC_ARC = YES;
				CLANG_WARN_BOOL_CONVERSION = YES;
				CLANG_WARN_CONSTANT_CONVERSION = YES;
				CLANG_WARN_DIRECT_OBJC_ISA_USAGE = YES_ERROR;
				CLANG_WARN_EMPTY_BODY = YES;
				CLANG_WARN_ENUM_CONVERSION = YES;
				CLANG_WARN_INT_CONVERSION = YES;
				CLANG_WARN_OBJC_ROOT_CLASS = YES_ERROR;
				CLANG_WARN__DUPLICATE_METHOD_MATCH = YES;
				"CODE_SIGN_IDENTITY[sdk=iphoneos*]" = "iPhone Developer";
				COPY_PHASE_STRIP = YES;
				ENABLE_NS_ASSERTIONS = NO;
				GCC_C_LANGUAGE_STANDARD = gnu99;
				GCC_WARN_64_TO_32_BIT_CONVERSION = YES;
				GCC_WARN_ABOUT_RETURN_TYPE = YES_ERROR;
				GCC_WARN_UNDECLARED_SELECTOR = YES;
				GCC_WARN_UNINITIALIZED_AUTOS = YES;
				GCC_WARN_UNUSED_FUNCTION = YES;
				GCC_WARN_UNUSED_VARIABLE = YES;
				IPHONEOS_DEPLOYMENT_TARGET = 7.0;
				SDKROOT = iphoneos;
				VALIDATE_PRODUCT = YES;
			};
			name = Release;
		};
		76273A78183B4C2400E693DE /* Debug */ = {
			isa = XCBuildConfiguration;
			buildSettings = {
				ASSETCATALOG_COMPILER_APPICON_NAME = AppIcon;
				ASSETCATALOG_COMPILER_LAUNCHIMAGE_NAME = LaunchImage;
				GCC_PRECOMPILE_PREFIX_HEADER = YES;
				GCC_PREFIX_HEADER = "Attributor/Attributor-Prefix.pch";
				INFOPLIST_FILE = "Attributor/Attributor-Info.plist";
				PRODUCT_NAME = "$(TARGET_NAME)";
				WRAPPER_EXTENSION = app;
			};
			name = Debug;
		};
		76273A79183B4C2400E693DE /* Release */ = {
			isa = XCBuildConfiguration;
			buildSettings = {
				ASSETCATALOG_COMPILER_APPICON_NAME = AppIcon;
				ASSETCATALOG_COMPILER_LAUNCHIMAGE_NAME = LaunchImage;
				GCC_PRECOMPILE_PREFIX_HEADER = YES;
				GCC_PREFIX_HEADER = "Attributor/Attributor-Prefix.pch";
				INFOPLIST_FILE = "Attributor/Attributor-Info.plist";
				PRODUCT_NAME = "$(TARGET_NAME)";
				WRAPPER_EXTENSION = app;
			};
			name = Release;
		};
		76273A7B183B4C2400E693DE /* Debug */ = {
			isa = XCBuildConfiguration;
			buildSettings = {
				ARCHS = "$(ARCHS_STANDARD_INCLUDING_64_BIT)";
				BUNDLE_LOADER = "$(BUILT_PRODUCTS_DIR)/Attributor.app/Attributor";
				FRAMEWORK_SEARCH_PATHS = (
					"$(SDKROOT)/Developer/Library/Frameworks",
					"$(inherited)",
					"$(DEVELOPER_FRAMEWORKS_DIR)",
				);
				GCC_PRECOMPILE_PREFIX_HEADER = YES;
				GCC_PREFIX_HEADER = "Attributor/Attributor-Prefix.pch";
				GCC_PREPROCESSOR_DEFINITIONS = (
					"DEBUG=1",
					"$(inherited)",
				);
				INFOPLIST_FILE = "AttributorTests/AttributorTests-Info.plist";
				PRODUCT_NAME = "$(TARGET_NAME)";
				TEST_HOST = "$(BUNDLE_LOADER)";
				WRAPPER_EXTENSION = xctest;
			};
			name = Debug;
		};
		76273A7C183B4C2400E693DE /* Release */ = {
			isa = XCBuildConfiguration;
			buildSettings = {
				ARCHS = "$(ARCHS_STANDARD_INCLUDING_64_BIT)";
				BUNDLE_LOADER = "$(BUILT_PRODUCTS_DIR)/Attributor.app/Attributor";
				FRAMEWORK_SEARCH_PATHS = (
					"$(SDKROOT)/Developer/Library/Frameworks",
					"$(inherited)",
					"$(DEVELOPER_FRAMEWORKS_DIR)",
				);
				GCC_PRECOMPILE_PREFIX_HEADER = YES;
				GCC_PREFIX_HEADER = "Attributor/Attributor-Prefix.pch";
				INFOPLIST_FILE = "AttributorTests/AttributorTests-Info.plist";
				PRODUCT_NAME = "$(TARGET_NAME)";
				TEST_HOST = "$(BUNDLE_LOADER)";
				WRAPPER_EXTENSION = xctest;
			};
			name = Release;
		};
/* End XCBuildConfiguration section */

/* Begin XCConfigurationList section */
		76273A40183B4C2400E693DE /* Build configuration list for PBXProject "Attributor" */ = {
			isa = XCConfigurationList;
			buildConfigurations = (
				76273A75183B4C2400E693DE /* Debug */,
				76273A76183B4C2400E693DE /* Release */,
			);
			defaultConfigurationIsVisible = 0;
			defaultConfigurationName = Release;
		};
		76273A77183B4C2400E693DE /* Build configuration list for PBXNativeTarget "Attributor" */ = {
			isa = XCConfigurationList;
			buildConfigurations = (
				76273A78183B4C2400E693DE /* Debug */,
				76273A79183B4C2400E693DE /* Release */,
			);
			defaultConfigurationIsVisible = 0;
			defaultConfigurationName = Release;
		};
		76273A7A183B4C2400E693DE /* Build configuration list for PBXNativeTarget "AttributorTests" */ = {
			isa = XCConfigurationList;
			buildConfigurations = (
				76273A7B183B4C2400E693DE /* Debug */,
				76273A7C183B4C2400E693DE /* Release */,
			);
			defaultConfigurationIsVisible = 0;
			defaultConfigurationName = Release;
		};
/* End XCConfigurationList section */
	};
	rootObject = 76273A3D183B4C2400E693DE /* Project object */;
}
